
Microsoft Visual Studio Solution File, Format Version 12.00
# Visual Studio Version 17
VisualStudioVersion = 17.0.31903.59
MinimumVisualStudioVersion = 10.0.40219.1
Project("{FAE04EC0-301F-11D3-BF4B-00C04F79EFBC}") = "API", "API\API.csproj", "{AA1D23B7-CD00-49D7-8238-89C81CBF07C0}"
EndProject
Project("{FAE04EC0-301F-11D3-BF4B-00C04F79EFBC}") = "Application", "Application\Application.csproj", "{D24E2948-D778-4D81-98EE-EB158600D38F}"
EndProject
Project("{FAE04EC0-301F-11D3-BF4B-00C04F79EFBC}") = "Domain", "Domain\Domain.csproj", "{35EA203E-F99A-4B62-923F-E5E584D66450}"
EndProject
Project("{FAE04EC0-301F-11D3-BF4B-00C04F79EFBC}") = "Persistence", "Persistence\Persistence.csproj", "{1AE74901-C3A8-4CD4-8D26-51232D27A601}"
EndProject
Global
	GlobalSection(SolutionConfigurationPlatforms) = preSolution
		Debug|Any CPU = Debug|Any CPU
		Release|Any CPU = Release|Any CPU
	EndGlobalSection
	GlobalSection(SolutionProperties) = preSolution
		HideSolutionNode = FALSE
	EndGlobalSection
	GlobalSection(ProjectConfigurationPlatforms) = postSolution
		{AA1D23B7-CD00-49D7-8238-89C81CBF07C0}.Debug|Any CPU.ActiveCfg = Debug|Any CPU
		{AA1D23B7-CD00-49D7-8238-89C81CBF07C0}.Debug|Any CPU.Build.0 = Debug|Any CPU
		{AA1D23B7-CD00-49D7-8238-89C81CBF07C0}.Release|Any CPU.ActiveCfg = Release|Any CPU
		{AA1D23B7-CD00-49D7-8238-89C81CBF07C0}.Release|Any CPU.Build.0 = Release|Any CPU
		{D24E2948-D778-4D81-98EE-EB158600D38F}.Debug|Any CPU.ActiveCfg = Debug|Any CPU
		{D24E2948-D778-4D81-98EE-EB158600D38F}.Debug|Any CPU.Build.0 = Debug|Any CPU
		{D24E2948-D778-4D81-98EE-EB158600D38F}.Release|Any CPU.ActiveCfg = Release|Any CPU
		{D24E2948-D778-4D81-98EE-EB158600D38F}.Release|Any CPU.Build.0 = Release|Any CPU
		{35EA203E-F99A-4B62-923F-E5E584D66450}.Debug|Any CPU.ActiveCfg = Debug|Any CPU
		{35EA203E-F99A-4B62-923F-E5E584D66450}.Debug|Any CPU.Build.0 = Debug|Any CPU
		{35EA203E-F99A-4B62-923F-E5E584D66450}.Release|Any CPU.ActiveCfg = Release|Any CPU
		{35EA203E-F99A-4B62-923F-E5E584D66450}.Release|Any CPU.Build.0 = Release|Any CPU
		{1AE74901-C3A8-4CD4-8D26-51232D27A601}.Debug|Any CPU.ActiveCfg = Debug|Any CPU
		{1AE74901-C3A8-4CD4-8D26-51232D27A601}.Debug|Any CPU.Build.0 = Debug|Any CPU
		{1AE74901-C3A8-4CD4-8D26-51232D27A601}.Release|Any CPU.ActiveCfg = Release|Any CPU
		{1AE74901-C3A8-4CD4-8D26-51232D27A601}.Release|Any CPU.Build.0 = Release|Any CPU
	EndGlobalSection
EndGlobal
